// !$*UTF8*$!
{
	archiveVersion = 1;
	classes = {
	};
	objectVersion = 77;
	objects = {

/* Begin PBXBuildFile section */
		5C48508D2D71372100BFD478 /* Linkwarden for Safari Extension.appex in Embed Foundation Extensions */ = {isa = PBXBuildFile; fileRef = 5C48508C2D71372100BFD478 /* Linkwarden for Safari Extension.appex */; settings = {ATTRIBUTES = (RemoveHeadersOnCopy, ); }; };
/* End PBXBuildFile section */

/* Begin PBXContainerItemProxy section */
		5C4850772D71372100BFD478 /* PBXContainerItemProxy */ = {
			isa = PBXContainerItemProxy;
			containerPortal = 5C4850522D71371F00BFD478 /* Project object */;
			proxyType = 1;
			remoteGlobalIDString = 5C4850592D71371F00BFD478;
			remoteInfo = "Linkwarden for Safari";
		};
		5C4850812D71372100BFD478 /* PBXContainerItemProxy */ = {
			isa = PBXContainerItemProxy;
			containerPortal = 5C4850522D71371F00BFD478 /* Project object */;
			proxyType = 1;
			remoteGlobalIDString = 5C4850592D71371F00BFD478;
			remoteInfo = "Linkwarden for Safari";
		};
		5C48508E2D71372100BFD478 /* PBXContainerItemProxy */ = {
			isa = PBXContainerItemProxy;
			containerPortal = 5C4850522D71371F00BFD478 /* Project object */;
			proxyType = 1;
			remoteGlobalIDString = 5C48508B2D71372100BFD478;
			remoteInfo = "Linkwarden for Safari Extension";
		};
/* End PBXContainerItemProxy section */

/* Begin PBXCopyFilesBuildPhase section */
		5C4850AC2D71372100BFD478 /* Embed Foundation Extensions */ = {
			isa = PBXCopyFilesBuildPhase;
			buildActionMask = 2147483647;
			dstPath = "";
			dstSubfolderSpec = 13;
			files = (
				5C48508D2D71372100BFD478 /* Linkwarden for Safari Extension.appex in Embed Foundation Extensions */,
			);
			name = "Embed Foundation Extensions";
			runOnlyForDeploymentPostprocessing = 0;
		};
/* End PBXCopyFilesBuildPhase section */

/* Begin PBXFileReference section */
		5C48505A2D71371F00BFD478 /* Linkwarden for Safari.app */ = {isa = PBXFileReference; explicitFileType = wrapper.application; includeInIndex = 0; path = "Linkwarden for Safari.app"; sourceTree = BUILT_PRODUCTS_DIR; };
		5C4850762D71372100BFD478 /* Linkwarden for SafariTests.xctest */ = {isa = PBXFileReference; explicitFileType = wrapper.cfbundle; includeInIndex = 0; path = "Linkwarden for SafariTests.xctest"; sourceTree = BUILT_PRODUCTS_DIR; };
		5C4850802D71372100BFD478 /* Linkwarden for SafariUITests.xctest */ = {isa = PBXFileReference; explicitFileType = wrapper.cfbundle; includeInIndex = 0; path = "Linkwarden for SafariUITests.xctest"; sourceTree = BUILT_PRODUCTS_DIR; };
		5C48508C2D71372100BFD478 /* Linkwarden for Safari Extension.appex */ = {isa = PBXFileReference; explicitFileType = "wrapper.app-extension"; includeInIndex = 0; path = "Linkwarden for Safari Extension.appex"; sourceTree = BUILT_PRODUCTS_DIR; };
/* End PBXFileReference section */

/* Begin PBXFileSystemSynchronizedBuildFileExceptionSet section */
		5C4850A62D71372100BFD478 /* Exceptions for "Linkwarden for Safari Extension" folder in "Linkwarden for Safari Extension" target */ = {
			isa = PBXFileSystemSynchronizedBuildFileExceptionSet;
			membershipExceptions = (
				Info.plist,
			);
			target = 5C48508B2D71372100BFD478 /* Linkwarden for Safari Extension */;
		};
/* End PBXFileSystemSynchronizedBuildFileExceptionSet section */

/* Begin PBXFileSystemSynchronizedRootGroup section */
		5C48505C2D71371F00BFD478 /* Linkwarden for Safari */ = {
			isa = PBXFileSystemSynchronizedRootGroup;
			path = "Linkwarden for Safari";
			sourceTree = "<group>";
		};
		5C4850792D71372100BFD478 /* Linkwarden for SafariTests */ = {
			isa = PBXFileSystemSynchronizedRootGroup;
			path = "Linkwarden for SafariTests";
			sourceTree = "<group>";
		};
		5C4850832D71372100BFD478 /* Linkwarden for SafariUITests */ = {
			isa = PBXFileSystemSynchronizedRootGroup;
			path = "Linkwarden for SafariUITests";
			sourceTree = "<group>";
		};
		5C4850902D71372100BFD478 /* Linkwarden for Safari Extension */ = {
			isa = PBXFileSystemSynchronizedRootGroup;
			exceptions = (
				5C4850A62D71372100BFD478 /* Exceptions for "Linkwarden for Safari Extension" folder in "Linkwarden for Safari Extension" target */,
			);
			explicitFolders = (
				Resources/_locales,
				Resources/images,
			);
			path = "Linkwarden for Safari Extension";
			sourceTree = "<group>";
		};
/* End PBXFileSystemSynchronizedRootGroup section */

/* Begin PBXFrameworksBuildPhase section */
		5C4850572D71371F00BFD478 /* Frameworks */ = {
			isa = PBXFrameworksBuildPhase;
			buildActionMask = 2147483647;
			files = (
			);
			runOnlyForDeploymentPostprocessing = 0;
		};
		5C4850732D71372100BFD478 /* Frameworks */ = {
			isa = PBXFrameworksBuildPhase;
			buildActionMask = 2147483647;
			files = (
			);
			runOnlyForDeploymentPostprocessing = 0;
		};
		5C48507D2D71372100BFD478 /* Frameworks */ = {
			isa = PBXFrameworksBuildPhase;
			buildActionMask = 2147483647;
			files = (
			);
			runOnlyForDeploymentPostprocessing = 0;
		};
		5C4850892D71372100BFD478 /* Frameworks */ = {
			isa = PBXFrameworksBuildPhase;
			buildActionMask = 2147483647;
			files = (
			);
			runOnlyForDeploymentPostprocessing = 0;
		};
/* End PBXFrameworksBuildPhase section */

/* Begin PBXGroup section */
		5C4850512D71371F00BFD478 = {
			isa = PBXGroup;
			children = (
				5C48505C2D71371F00BFD478 /* Linkwarden for Safari */,
				5C4850792D71372100BFD478 /* Linkwarden for SafariTests */,
				5C4850832D71372100BFD478 /* Linkwarden for SafariUITests */,
				5C4850902D71372100BFD478 /* Linkwarden for Safari Extension */,
				5C48505B2D71371F00BFD478 /* Products */,
			);
			sourceTree = "<group>";
		};
		5C48505B2D71371F00BFD478 /* Products */ = {
			isa = PBXGroup;
			children = (
				5C48505A2D71371F00BFD478 /* Linkwarden for Safari.app */,
				5C4850762D71372100BFD478 /* Linkwarden for SafariTests.xctest */,
				5C4850802D71372100BFD478 /* Linkwarden for SafariUITests.xctest */,
				5C48508C2D71372100BFD478 /* Linkwarden for Safari Extension.appex */,
			);
			name = Products;
			sourceTree = "<group>";
		};
/* End PBXGroup section */

/* Begin PBXNativeTarget section */
		5C4850592D71371F00BFD478 /* Linkwarden for Safari */ = {
			isa = PBXNativeTarget;
			buildConfigurationList = 5C4850AD2D71372100BFD478 /* Build configuration list for PBXNativeTarget "Linkwarden for Safari" */;
			buildPhases = (
				5C4850562D71371F00BFD478 /* Sources */,
				5C4850572D71371F00BFD478 /* Frameworks */,
				5C4850582D71371F00BFD478 /* Resources */,
				5C4850AC2D71372100BFD478 /* Embed Foundation Extensions */,
			);
			buildRules = (
			);
			dependencies = (
				5C48508F2D71372100BFD478 /* PBXTargetDependency */,
			);
			fileSystemSynchronizedGroups = (
				5C48505C2D71371F00BFD478 /* Linkwarden for Safari */,
			);
			name = "Linkwarden for Safari";
			packageProductDependencies = (
			);
			productName = "Linkwarden for Safari";
			productReference = 5C48505A2D71371F00BFD478 /* Linkwarden for Safari.app */;
			productType = "com.apple.product-type.application";
		};
		5C4850752D71372100BFD478 /* Linkwarden for SafariTests */ = {
			isa = PBXNativeTarget;
			buildConfigurationList = 5C4850B02D71372100BFD478 /* Build configuration list for PBXNativeTarget "Linkwarden for SafariTests" */;
			buildPhases = (
				5C4850722D71372100BFD478 /* Sources */,
				5C4850732D71372100BFD478 /* Frameworks */,
				5C4850742D71372100BFD478 /* Resources */,
			);
			buildRules = (
			);
			dependencies = (
				5C4850782D71372100BFD478 /* PBXTargetDependency */,
			);
			fileSystemSynchronizedGroups = (
				5C4850792D71372100BFD478 /* Linkwarden for SafariTests */,
			);
			name = "Linkwarden for SafariTests";
			packageProductDependencies = (
			);
			productName = "Linkwarden for SafariTests";
			productReference = 5C4850762D71372100BFD478 /* Linkwarden for SafariTests.xctest */;
			productType = "com.apple.product-type.bundle.unit-test";
		};
		5C48507F2D71372100BFD478 /* Linkwarden for SafariUITests */ = {
			isa = PBXNativeTarget;
			buildConfigurationList = 5C4850B32D71372100BFD478 /* Build configuration list for PBXNativeTarget "Linkwarden for SafariUITests" */;
			buildPhases = (
				5C48507C2D71372100BFD478 /* Sources */,
				5C48507D2D71372100BFD478 /* Frameworks */,
				5C48507E2D71372100BFD478 /* Resources */,
			);
			buildRules = (
			);
			dependencies = (
				5C4850822D71372100BFD478 /* PBXTargetDependency */,
			);
			fileSystemSynchronizedGroups = (
				5C4850832D71372100BFD478 /* Linkwarden for SafariUITests */,
			);
			name = "Linkwarden for SafariUITests";
			packageProductDependencies = (
			);
			productName = "Linkwarden for SafariUITests";
			productReference = 5C4850802D71372100BFD478 /* Linkwarden for SafariUITests.xctest */;
			productType = "com.apple.product-type.bundle.ui-testing";
		};
		5C48508B2D71372100BFD478 /* Linkwarden for Safari Extension */ = {
			isa = PBXNativeTarget;
			buildConfigurationList = 5C4850A72D71372100BFD478 /* Build configuration list for PBXNativeTarget "Linkwarden for Safari Extension" */;
			buildPhases = (
				5C4850882D71372100BFD478 /* Sources */,
				5C4850892D71372100BFD478 /* Frameworks */,
				5C48508A2D71372100BFD478 /* Resources */,
			);
			buildRules = (
			);
			dependencies = (
			);
			fileSystemSynchronizedGroups = (
				5C4850902D71372100BFD478 /* Linkwarden for Safari Extension */,
			);
			name = "Linkwarden for Safari Extension";
			packageProductDependencies = (
			);
			productName = "Linkwarden for Safari Extension";
			productReference = 5C48508C2D71372100BFD478 /* Linkwarden for Safari Extension.appex */;
			productType = "com.apple.product-type.app-extension";
		};
/* End PBXNativeTarget section */

/* Begin PBXProject section */
		5C4850522D71371F00BFD478 /* Project object */ = {
			isa = PBXProject;
			attributes = {
				BuildIndependentTargetsInParallel = 1;
				LastSwiftUpdateCheck = 1620;
				LastUpgradeCheck = 1630;
				TargetAttributes = {
					5C4850592D71371F00BFD478 = {
						CreatedOnToolsVersion = 16.2;
					};
					5C4850752D71372100BFD478 = {
						CreatedOnToolsVersion = 16.2;
						TestTargetID = 5C4850592D71371F00BFD478;
					};
					5C48507F2D71372100BFD478 = {
						CreatedOnToolsVersion = 16.2;
						TestTargetID = 5C4850592D71371F00BFD478;
					};
					5C48508B2D71372100BFD478 = {
						CreatedOnToolsVersion = 16.2;
					};
				};
			};
			buildConfigurationList = 5C4850552D71371F00BFD478 /* Build configuration list for PBXProject "Linkwarden for Safari" */;
			developmentRegion = en;
			hasScannedForEncodings = 0;
			knownRegions = (
				en,
				Base,
			);
			mainGroup = 5C4850512D71371F00BFD478;
			minimizedProjectReferenceProxies = 1;
			preferredProjectObjectVersion = 77;
			productRefGroup = 5C48505B2D71371F00BFD478 /* Products */;
			projectDirPath = "";
			projectRoot = "";
			targets = (
				5C4850592D71371F00BFD478 /* Linkwarden for Safari */,
				5C4850752D71372100BFD478 /* Linkwarden for SafariTests */,
				5C48507F2D71372100BFD478 /* Linkwarden for SafariUITests */,
				5C48508B2D71372100BFD478 /* Linkwarden for Safari Extension */,
			);
		};
/* End PBXProject section */

/* Begin PBXResourcesBuildPhase section */
		5C4850582D71371F00BFD478 /* Resources */ = {
			isa = PBXResourcesBuildPhase;
			buildActionMask = 2147483647;
			files = (
			);
			runOnlyForDeploymentPostprocessing = 0;
		};
		5C4850742D71372100BFD478 /* Resources */ = {
			isa = PBXResourcesBuildPhase;
			buildActionMask = 2147483647;
			files = (
			);
			runOnlyForDeploymentPostprocessing = 0;
		};
		5C48507E2D71372100BFD478 /* Resources */ = {
			isa = PBXResourcesBuildPhase;
			buildActionMask = 2147483647;
			files = (
			);
			runOnlyForDeploymentPostprocessing = 0;
		};
		5C48508A2D71372100BFD478 /* Resources */ = {
			isa = PBXResourcesBuildPhase;
			buildActionMask = 2147483647;
			files = (
			);
			runOnlyForDeploymentPostprocessing = 0;
		};
/* End PBXResourcesBuildPhase section */

/* Begin PBXSourcesBuildPhase section */
		5C4850562D71371F00BFD478 /* Sources */ = {
			isa = PBXSourcesBuildPhase;
			buildActionMask = 2147483647;
			files = (
			);
			runOnlyForDeploymentPostprocessing = 0;
		};
		5C4850722D71372100BFD478 /* Sources */ = {
			isa = PBXSourcesBuildPhase;
			buildActionMask = 2147483647;
			files = (
			);
			runOnlyForDeploymentPostprocessing = 0;
		};
		5C48507C2D71372100BFD478 /* Sources */ = {
			isa = PBXSourcesBuildPhase;
			buildActionMask = 2147483647;
			files = (
			);
			runOnlyForDeploymentPostprocessing = 0;
		};
		5C4850882D71372100BFD478 /* Sources */ = {
			isa = PBXSourcesBuildPhase;
			buildActionMask = 2147483647;
			files = (
			);
			runOnlyForDeploymentPostprocessing = 0;
		};
/* End PBXSourcesBuildPhase section */

/* Begin PBXTargetDependency section */
		5C4850782D71372100BFD478 /* PBXTargetDependency */ = {
			isa = PBXTargetDependency;
			target = 5C4850592D71371F00BFD478 /* Linkwarden for Safari */;
			targetProxy = 5C4850772D71372100BFD478 /* PBXContainerItemProxy */;
		};
		5C4850822D71372100BFD478 /* PBXTargetDependency */ = {
			isa = PBXTargetDependency;
			target = 5C4850592D71371F00BFD478 /* Linkwarden for Safari */;
			targetProxy = 5C4850812D71372100BFD478 /* PBXContainerItemProxy */;
		};
		5C48508F2D71372100BFD478 /* PBXTargetDependency */ = {
			isa = PBXTargetDependency;
			target = 5C48508B2D71372100BFD478 /* Linkwarden for Safari Extension */;
			targetProxy = 5C48508E2D71372100BFD478 /* PBXContainerItemProxy */;
		};
/* End PBXTargetDependency section */

/* Begin XCBuildConfiguration section */
		5C4850A82D71372100BFD478 /* Debug */ = {
			isa = XCBuildConfiguration;
			buildSettings = {
				CODE_SIGN_ENTITLEMENTS = "Linkwarden for Safari Extension/Linkwarden_for_Safari_Extension.entitlements";
				CODE_SIGN_STYLE = Automatic;
				CURRENT_PROJECT_VERSION = 1;
				DEAD_CODE_STRIPPING = YES;
				ENABLE_HARDENED_RUNTIME = YES;
				GENERATE_INFOPLIST_FILE = YES;
				INFOPLIST_FILE = "Linkwarden for Safari Extension/Info.plist";
				INFOPLIST_KEY_CFBundleDisplayName = "Linkwarden for Safari Extension";
				INFOPLIST_KEY_NSHumanReadableCopyright = "";
				LD_RUNPATH_SEARCH_PATHS = (
					"$(inherited)",
					"@executable_path/../Frameworks",
					"@executable_path/../../../../Frameworks",
				);
				MACOSX_DEPLOYMENT_TARGET = 11.0;
				MARKETING_VERSION = 1.0;
				OTHER_LDFLAGS = (
					"-framework",
					SafariServices,
				);
				PRODUCT_BUNDLE_IDENTIFIER = "madebyraygun.Linkwarden-for-Safari.Extension";
				PRODUCT_NAME = "$(TARGET_NAME)";
				SKIP_INSTALL = YES;
				SWIFT_EMIT_LOC_STRINGS = YES;
				SWIFT_VERSION = 5.0;
			};
			name = Debug;
		};
		5C4850A92D71372100BFD478 /* Release */ = {
			isa = XCBuildConfiguration;
			buildSettings = {
				CODE_SIGN_ENTITLEMENTS = "Linkwarden for Safari Extension/Linkwarden_for_Safari_Extension.entitlements";
				CODE_SIGN_STYLE = Automatic;
				CURRENT_PROJECT_VERSION = 1;
				DEAD_CODE_STRIPPING = YES;
				ENABLE_HARDENED_RUNTIME = YES;
				GENERATE_INFOPLIST_FILE = YES;
				INFOPLIST_FILE = "Linkwarden for Safari Extension/Info.plist";
				INFOPLIST_KEY_CFBundleDisplayName = "Linkwarden for Safari Extension";
				INFOPLIST_KEY_NSHumanReadableCopyright = "";
				LD_RUNPATH_SEARCH_PATHS = (
					"$(inherited)",
					"@executable_path/../Frameworks",
					"@executable_path/../../../../Frameworks",
				);
				MACOSX_DEPLOYMENT_TARGET = 11.0;
				MARKETING_VERSION = 1.0;
				OTHER_LDFLAGS = (
					"-framework",
					SafariServices,
				);
				PRODUCT_BUNDLE_IDENTIFIER = "madebyraygun.Linkwarden-for-Safari.Extension";
				PRODUCT_NAME = "$(TARGET_NAME)";
				SKIP_INSTALL = YES;
				SWIFT_EMIT_LOC_STRINGS = YES;
				SWIFT_VERSION = 5.0;
			};
			name = Release;
		};
		5C4850AA2D71372100BFD478 /* Debug */ = {
			isa = XCBuildConfiguration;
			buildSettings = {
				ALWAYS_SEARCH_USER_PATHS = NO;
				ASSETCATALOG_COMPILER_GENERATE_SWIFT_ASSET_SYMBOL_EXTENSIONS = YES;
				CLANG_ANALYZER_NONNULL = YES;
				CLANG_ANALYZER_NUMBER_OBJECT_CONVERSION = YES_AGGRESSIVE;
				CLANG_CXX_LANGUAGE_STANDARD = "gnu++20";
				CLANG_ENABLE_MODULES = YES;
				CLANG_ENABLE_OBJC_ARC = YES;
				CLANG_ENABLE_OBJC_WEAK = YES;
				CLANG_WARN_BLOCK_CAPTURE_AUTORELEASING = YES;
				CLANG_WARN_BOOL_CONVERSION = YES;
				CLANG_WARN_COMMA = YES;
				CLANG_WARN_CONSTANT_CONVERSION = YES;
				CLANG_WARN_DEPRECATED_OBJC_IMPLEMENTATIONS = YES;
				CLANG_WARN_DIRECT_OBJC_ISA_USAGE = YES_ERROR;
				CLANG_WARN_DOCUMENTATION_COMMENTS = YES;
				CLANG_WARN_EMPTY_BODY = YES;
				CLANG_WARN_ENUM_CONVERSION = YES;
				CLANG_WARN_INFINITE_RECURSION = YES;
				CLANG_WARN_INT_CONVERSION = YES;
				CLANG_WARN_NON_LITERAL_NULL_CONVERSION = YES;
				CLANG_WARN_OBJC_IMPLICIT_RETAIN_SELF = YES;
				CLANG_WARN_OBJC_LITERAL_CONVERSION = YES;
				CLANG_WARN_OBJC_ROOT_CLASS = YES_ERROR;
				CLANG_WARN_QUOTED_INCLUDE_IN_FRAMEWORK_HEADER = YES;
				CLANG_WARN_RANGE_LOOP_ANALYSIS = YES;
				CLANG_WARN_STRICT_PROTOTYPES = YES;
				CLANG_WARN_SUSPICIOUS_MOVE = YES;
				CLANG_WARN_UNGUARDED_AVAILABILITY = YES_AGGRESSIVE;
				CLANG_WARN_UNREACHABLE_CODE = YES;
				CLANG_WARN__DUPLICATE_METHOD_MATCH = YES;
				COPY_PHASE_STRIP = NO;
				DEAD_CODE_STRIPPING = YES;
				DEBUG_INFORMATION_FORMAT = dwarf;
				DEVELOPMENT_TEAM = W3Z9KJU4L8;
				ENABLE_STRICT_OBJC_MSGSEND = YES;
				ENABLE_TESTABILITY = YES;
				ENABLE_USER_SCRIPT_SANDBOXING = YES;
				GCC_C_LANGUAGE_STANDARD = gnu17;
				GCC_DYNAMIC_NO_PIC = NO;
				GCC_NO_COMMON_BLOCKS = YES;
				GCC_OPTIMIZATION_LEVEL = 0;
				GCC_PREPROCESSOR_DEFINITIONS = (
					"DEBUG=1",
					"$(inherited)",
				);
				GCC_WARN_64_TO_32_BIT_CONVERSION = YES;
				GCC_WARN_ABOUT_RETURN_TYPE = YES_ERROR;
				GCC_WARN_UNDECLARED_SELECTOR = YES;
				GCC_WARN_UNINITIALIZED_AUTOS = YES_AGGRESSIVE;
				GCC_WARN_UNUSED_FUNCTION = YES;
				GCC_WARN_UNUSED_VARIABLE = YES;
				LOCALIZATION_PREFERS_STRING_CATALOGS = YES;
				MACOSX_DEPLOYMENT_TARGET = 15.2;
				MTL_ENABLE_DEBUG_INFO = INCLUDE_SOURCE;
				MTL_FAST_MATH = YES;
				ONLY_ACTIVE_ARCH = YES;
				SDKROOT = macosx;
				SWIFT_ACTIVE_COMPILATION_CONDITIONS = "DEBUG $(inherited)";
				SWIFT_OPTIMIZATION_LEVEL = "-Onone";
			};
			name = Debug;
		};
		5C4850AB2D71372100BFD478 /* Release */ = {
			isa = XCBuildConfiguration;
			buildSettings = {
				ALWAYS_SEARCH_USER_PATHS = NO;
				ASSETCATALOG_COMPILER_GENERATE_SWIFT_ASSET_SYMBOL_EXTENSIONS = YES;
				CLANG_ANALYZER_NONNULL = YES;
				CLANG_ANALYZER_NUMBER_OBJECT_CONVERSION = YES_AGGRESSIVE;
				CLANG_CXX_LANGUAGE_STANDARD = "gnu++20";
				CLANG_ENABLE_MODULES = YES;
				CLANG_ENABLE_OBJC_ARC = YES;
				CLANG_ENABLE_OBJC_WEAK = YES;
				CLANG_WARN_BLOCK_CAPTURE_AUTORELEASING = YES;
				CLANG_WARN_BOOL_CONVERSION = YES;
				CLANG_WARN_COMMA = YES;
				CLANG_WARN_CONSTANT_CONVERSION = YES;
				CLANG_WARN_DEPRECATED_OBJC_IMPLEMENTATIONS = YES;
				CLANG_WARN_DIRECT_OBJC_ISA_USAGE = YES_ERROR;
				CLANG_WARN_DOCUMENTATION_COMMENTS = YES;
				CLANG_WARN_EMPTY_BODY = YES;
				CLANG_WARN_ENUM_CONVERSION = YES;
				CLANG_WARN_INFINITE_RECURSION = YES;
				CLANG_WARN_INT_CONVERSION = YES;
				CLANG_WARN_NON_LITERAL_NULL_CONVERSION = YES;
				CLANG_WARN_OBJC_IMPLICIT_RETAIN_SELF = YES;
				CLANG_WARN_OBJC_LITERAL_CONVERSION = YES;
				CLANG_WARN_OBJC_ROOT_CLASS = YES_ERROR;
				CLANG_WARN_QUOTED_INCLUDE_IN_FRAMEWORK_HEADER = YES;
				CLANG_WARN_RANGE_LOOP_ANALYSIS = YES;
				CLANG_WARN_STRICT_PROTOTYPES = YES;
				CLANG_WARN_SUSPICIOUS_MOVE = YES;
				CLANG_WARN_UNGUARDED_AVAILABILITY = YES_AGGRESSIVE;
				CLANG_WARN_UNREACHABLE_CODE = YES;
				CLANG_WARN__DUPLICATE_METHOD_MATCH = YES;
				COPY_PHASE_STRIP = NO;
				DEAD_CODE_STRIPPING = YES;
				DEBUG_INFORMATION_FORMAT = "dwarf-with-dsym";
				DEVELOPMENT_TEAM = W3Z9KJU4L8;
				ENABLE_NS_ASSERTIONS = NO;
				ENABLE_STRICT_OBJC_MSGSEND = YES;
				ENABLE_USER_SCRIPT_SANDBOXING = YES;
				GCC_C_LANGUAGE_STANDARD = gnu17;
				GCC_NO_COMMON_BLOCKS = YES;
				GCC_WARN_64_TO_32_BIT_CONVERSION = YES;
				GCC_WARN_ABOUT_RETURN_TYPE = YES_ERROR;
				GCC_WARN_UNDECLARED_SELECTOR = YES;
				GCC_WARN_UNINITIALIZED_AUTOS = YES_AGGRESSIVE;
				GCC_WARN_UNUSED_FUNCTION = YES;
				GCC_WARN_UNUSED_VARIABLE = YES;
				LOCALIZATION_PREFERS_STRING_CATALOGS = YES;
				MACOSX_DEPLOYMENT_TARGET = 15.2;
				MTL_ENABLE_DEBUG_INFO = NO;
				MTL_FAST_MATH = YES;
				SDKROOT = macosx;
				SWIFT_COMPILATION_MODE = wholemodule;
			};
			name = Release;
		};
		5C4850AE2D71372100BFD478 /* Debug */ = {
			isa = XCBuildConfiguration;
			buildSettings = {
				ASSETCATALOG_COMPILER_APPICON_NAME = AppIcon;
				ASSETCATALOG_COMPILER_GLOBAL_ACCENT_COLOR_NAME = AccentColor;
				CODE_SIGN_ENTITLEMENTS = "Linkwarden for Safari/Linkwarden for Safari.entitlements";
				CODE_SIGN_STYLE = Automatic;
				COMBINE_HIDPI_IMAGES = YES;
				CURRENT_PROJECT_VERSION = 1;
				DEAD_CODE_STRIPPING = YES;
				ENABLE_HARDENED_RUNTIME = YES;
				GENERATE_INFOPLIST_FILE = YES;
				INFOPLIST_KEY_CFBundleDisplayName = "Linkwarden for Safari";
				INFOPLIST_KEY_NSHumanReadableCopyright = "";
				INFOPLIST_KEY_NSMainStoryboardFile = Main;
				INFOPLIST_KEY_NSPrincipalClass = NSApplication;
				LD_RUNPATH_SEARCH_PATHS = (
					"$(inherited)",
					"@executable_path/../Frameworks",
				);
				MACOSX_DEPLOYMENT_TARGET = 11.0;
				MARKETING_VERSION = 1.0;
				OTHER_LDFLAGS = (
					"-framework",
					SafariServices,
					"-framework",
					WebKit,
				);
				PRODUCT_BUNDLE_IDENTIFIER = "madebyraygun.Linkwarden-for-Safari";
				PRODUCT_NAME = "$(TARGET_NAME)";
				SWIFT_EMIT_LOC_STRINGS = YES;
				SWIFT_VERSION = 5.0;
			};
			name = Debug;
		};
		5C4850AF2D71372100BFD478 /* Release */ = {
			isa = XCBuildConfiguration;
			buildSettings = {
				ASSETCATALOG_COMPILER_APPICON_NAME = AppIcon;
				ASSETCATALOG_COMPILER_GLOBAL_ACCENT_COLOR_NAME = AccentColor;
				CODE_SIGN_ENTITLEMENTS = "Linkwarden for Safari/Linkwarden for Safari.entitlements";
				CODE_SIGN_STYLE = Automatic;
				COMBINE_HIDPI_IMAGES = YES;
				CURRENT_PROJECT_VERSION = 1;
				DEAD_CODE_STRIPPING = YES;
				ENABLE_HARDENED_RUNTIME = YES;
				GENERATE_INFOPLIST_FILE = YES;
				INFOPLIST_KEY_CFBundleDisplayName = "Linkwarden for Safari";
				INFOPLIST_KEY_NSHumanReadableCopyright = "";
				INFOPLIST_KEY_NSMainStoryboardFile = Main;
				INFOPLIST_KEY_NSPrincipalClass = NSApplication;
				LD_RUNPATH_SEARCH_PATHS = (
					"$(inherited)",
					"@executable_path/../Frameworks",
				);
				MACOSX_DEPLOYMENT_TARGET = 11.0;
				MARKETING_VERSION = 1.0;
				OTHER_LDFLAGS = (
					"-framework",
					SafariServices,
					"-framework",
					WebKit,
				);
				PRODUCT_BUNDLE_IDENTIFIER = "madebyraygun.Linkwarden-for-Safari";
				PRODUCT_NAME = "$(TARGET_NAME)";
				SWIFT_EMIT_LOC_STRINGS = YES;
				SWIFT_VERSION = 5.0;
			};
			name = Release;
		};
		5C4850B12D71372100BFD478 /* Debug */ = {
			isa = XCBuildConfiguration;
			buildSettings = {
				BUNDLE_LOADER = "$(TEST_HOST)";
				CODE_SIGN_STYLE = Automatic;
				CURRENT_PROJECT_VERSION = 1;
				DEAD_CODE_STRIPPING = YES;
				GENERATE_INFOPLIST_FILE = YES;
				MACOSX_DEPLOYMENT_TARGET = 11.0;
				MARKETING_VERSION = 1.0;
				PRODUCT_BUNDLE_IDENTIFIER = "madebyraygun.Linkwarden-for-SafariTests";
				PRODUCT_NAME = "$(TARGET_NAME)";
				SWIFT_EMIT_LOC_STRINGS = NO;
				SWIFT_VERSION = 5.0;
				TEST_HOST = "$(BUILT_PRODUCTS_DIR)/Linkwarden for Safari.app/$(BUNDLE_EXECUTABLE_FOLDER_PATH)/Linkwarden for Safari";
			};
			name = Debug;
		};
		5C4850B22D71372100BFD478 /* Release */ = {
			isa = XCBuildConfiguration;
			buildSettings = {
				BUNDLE_LOADER = "$(TEST_HOST)";
				CODE_SIGN_STYLE = Automatic;
				CURRENT_PROJECT_VERSION = 1;
				DEAD_CODE_STRIPPING = YES;
				GENERATE_INFOPLIST_FILE = YES;
				MACOSX_DEPLOYMENT_TARGET = 11.0;
				MARKETING_VERSION = 1.0;
				PRODUCT_BUNDLE_IDENTIFIER = "madebyraygun.Linkwarden-for-SafariTests";
				PRODUCT_NAME = "$(TARGET_NAME)";
				SWIFT_EMIT_LOC_STRINGS = NO;
				SWIFT_VERSION = 5.0;
				TEST_HOST = "$(BUILT_PRODUCTS_DIR)/Linkwarden for Safari.app/$(BUNDLE_EXECUTABLE_FOLDER_PATH)/Linkwarden for Safari";
			};
			name = Release;
		};
		5C4850B42D71372100BFD478 /* Debug */ = {
			isa = XCBuildConfiguration;
			buildSettings = {
				CODE_SIGN_STYLE = Automatic;
				CURRENT_PROJECT_VERSION = 1;
				DEAD_CODE_STRIPPING = YES;
				GENERATE_INFOPLIST_FILE = YES;
				MARKETING_VERSION = 1.0;
				PRODUCT_BUNDLE_IDENTIFIER = "madebyraygun.Linkwarden-for-SafariUITests";
				PRODUCT_NAME = "$(TARGET_NAME)";
				SWIFT_EMIT_LOC_STRINGS = NO;
				SWIFT_VERSION = 5.0;
				TEST_TARGET_NAME = "Linkwarden for Safari";
			};
			name = Debug;
		};
		5C4850B52D71372100BFD478 /* Release */ = {
			isa = XCBuildConfiguration;
			buildSettings = {
				CODE_SIGN_STYLE = Automatic;
				CURRENT_PROJECT_VERSION = 1;
				DEAD_CODE_STRIPPING = YES;
				GENERATE_INFOPLIST_FILE = YES;
				MARKETING_VERSION = 1.0;
				PRODUCT_BUNDLE_IDENTIFIER = "madebyraygun.Linkwarden-for-SafariUITests";
				PRODUCT_NAME = "$(TARGET_NAME)";
				SWIFT_EMIT_LOC_STRINGS = NO;
				SWIFT_VERSION = 5.0;
				TEST_TARGET_NAME = "Linkwarden for Safari";
			};
			name = Release;
		};
/* End XCBuildConfiguration section */

/* Begin XCConfigurationList section */
		5C4850552D71371F00BFD478 /* Build configuration list for PBXProject "Linkwarden for Safari" */ = {
			isa = XCConfigurationList;
			buildConfigurations = (
				5C4850AA2D71372100BFD478 /* Debug */,
				5C4850AB2D71372100BFD478 /* Release */,
			);
			defaultConfigurationIsVisible = 0;
			defaultConfigurationName = Release;
		};
		5C4850A72D71372100BFD478 /* Build configuration list for PBXNativeTarget "Linkwarden for Safari Extension" */ = {
			isa = XCConfigurationList;
			buildConfigurations = (
				5C4850A82D71372100BFD478 /* Debug */,
				5C4850A92D71372100BFD478 /* Release */,
			);
			defaultConfigurationIsVisible = 0;
			defaultConfigurationName = Release;
		};
		5C4850AD2D71372100BFD478 /* Build configuration list for PBXNativeTarget "Linkwarden for Safari" */ = {
			isa = XCConfigurationList;
			buildConfigurations = (
				5C4850AE2D71372100BFD478 /* Debug */,
				5C4850AF2D71372100BFD478 /* Release */,
			);
			defaultConfigurationIsVisible = 0;
			defaultConfigurationName = Release;
		};
		5C4850B02D71372100BFD478 /* Build configuration list for PBXNativeTarget "Linkwarden for SafariTests" */ = {
			isa = XCConfigurationList;
			buildConfigurations = (
				5C4850B12D71372100BFD478 /* Debug */,
				5C4850B22D71372100BFD478 /* Release */,
			);
			defaultConfigurationIsVisible = 0;
			defaultConfigurationName = Release;
		};
		5C4850B32D71372100BFD478 /* Build configuration list for PBXNativeTarget "Linkwarden for SafariUITests" */ = {
			isa = XCConfigurationList;
			buildConfigurations = (
				5C4850B42D71372100BFD478 /* Debug */,
				5C4850B52D71372100BFD478 /* Release */,
			);
			defaultConfigurationIsVisible = 0;
			defaultConfigurationName = Release;
		};
/* End XCConfigurationList section */
	};
	rootObject = 5C4850522D71371F00BFD478 /* Project object */;
}
